
Microsoft Visual Studio Solution File, Format Version 12.00
# Visual Studio Version 17
VisualStudioVersion = 17.3.32929.385
MinimumVisualStudioVersion = 10.0.40219.1
Project("{FAE04EC0-301F-11D3-BF4B-00C04F79EFBC}") = "3DPrinterController", "3DPrinterController\3DPrinterController.csproj", "{AAFD0C50-600E-4505-8EF9-87BB93122B12}"
EndProject
Global
	GlobalSection(SolutionConfigurationPlatforms) = preSolution
		Debug|Any CPU = Debug|Any CPU
		Release|Any CPU = Release|Any CPU
	EndGlobalSection
	GlobalSection(ProjectConfigurationPlatforms) = postSolution
		{AAFD0C50-600E-4505-8EF9-87BB93122B12}.Debug|Any CPU.ActiveCfg = Debug|Any CPU
		{AAFD0C50-600E-4505-8EF9-87BB93122B12}.Debug|Any CPU.Build.0 = Debug|Any CPU
		{AAFD0C50-600E-4505-8EF9-87BB93122B12}.Release|Any CPU.ActiveCfg = Release|Any CPU
		{AAFD0C50-600E-4505-8EF9-87BB93122B12}.Release|Any CPU.Build.0 = Release|Any CPU
	EndGlobalSection
	GlobalSection(SolutionProperties) = preSolution
		HideSolutionNode = FALSE
	EndGlobalSection
	GlobalSection(ExtensibilityGlobals) = postSolution
		SolutionGuid = {40E4DDD1-D647-4EC9-8539-28A7F66964C0}
	EndGlobalSection
EndGlobal
